// !$*UTF8*$!
{
	archiveVersion = 1;
	classes = {
	};
	objectVersion = 56;
	objects = {

/* Begin PBXBuildFile section */
		F6D7EB2B2A95182900D25E43 /* wardrobe_wiseApp.swift in Sources */ = {isa = PBXBuildFile; fileRef = F6D7EB2A2A95182900D25E43 /* wardrobe_wiseApp.swift */; };
		F6D7EB2D2A95182900D25E43 /* LandingView.swift in Sources */ = {isa = PBXBuildFile; fileRef = F6D7EB2C2A95182900D25E43 /* LandingView.swift */; };
		F6D7EB2F2A95182A00D25E43 /* Assets.xcassets in Resources */ = {isa = PBXBuildFile; fileRef = F6D7EB2E2A95182A00D25E43 /* Assets.xcassets */; };
		F6D7EB322A95182A00D25E43 /* Preview Assets.xcassets in Resources */ = {isa = PBXBuildFile; fileRef = F6D7EB312A95182A00D25E43 /* Preview Assets.xcassets */; };
		F6D7EB3C2A95182A00D25E43 /* wardrobe_wiseTests.swift in Sources */ = {isa = PBXBuildFile; fileRef = F6D7EB3B2A95182A00D25E43 /* wardrobe_wiseTests.swift */; };
		F6D7EB462A95182A00D25E43 /* wardrobe_wiseUITests.swift in Sources */ = {isa = PBXBuildFile; fileRef = F6D7EB452A95182A00D25E43 /* wardrobe_wiseUITests.swift */; };
		F6D7EB482A95182A00D25E43 /* wardrobe_wiseUITestsLaunchTests.swift in Sources */ = {isa = PBXBuildFile; fileRef = F6D7EB472A95182A00D25E43 /* wardrobe_wiseUITestsLaunchTests.swift */; };
		F6D7EB552A9529FA00D25E43 /* AccountView.swift in Sources */ = {isa = PBXBuildFile; fileRef = F6D7EB542A9529FA00D25E43 /* AccountView.swift */; };
		F6D7EB572A952DDC00D25E43 /* AnalyticsView.swift in Sources */ = {isa = PBXBuildFile; fileRef = F6D7EB562A952DDC00D25E43 /* AnalyticsView.swift */; };
		F6D7EB592A952EA700D25E43 /* MarketplaceView.swift in Sources */ = {isa = PBXBuildFile; fileRef = F6D7EB582A952EA700D25E43 /* MarketplaceView.swift */; };
		F6D7EB5B2A952EE900D25E43 /* SettingsView.swift in Sources */ = {isa = PBXBuildFile; fileRef = F6D7EB5A2A952EE900D25E43 /* SettingsView.swift */; };
		F6D7EB5D2A9531B500D25E43 /* LogoNavBar.swift in Sources */ = {isa = PBXBuildFile; fileRef = F6D7EB5C2A9531B500D25E43 /* LogoNavBar.swift */; };
/* End PBXBuildFile section */

/* Begin PBXContainerItemProxy section */
		F6D7EB382A95182A00D25E43 /* PBXContainerItemProxy */ = {
			isa = PBXContainerItemProxy;
			containerPortal = F6D7EB1F2A95182800D25E43 /* Project object */;
			proxyType = 1;
			remoteGlobalIDString = F6D7EB262A95182900D25E43;
			remoteInfo = "wardrobe-wise";
		};
		F6D7EB422A95182A00D25E43 /* PBXContainerItemProxy */ = {
			isa = PBXContainerItemProxy;
			containerPortal = F6D7EB1F2A95182800D25E43 /* Project object */;
			proxyType = 1;
			remoteGlobalIDString = F6D7EB262A95182900D25E43;
			remoteInfo = "wardrobe-wise";
		};
/* End PBXContainerItemProxy section */

/* Begin PBXFileReference section */
		F6D7EB272A95182900D25E43 /* wardrobe-wise.app */ = {isa = PBXFileReference; explicitFileType = wrapper.application; includeInIndex = 0; path = "wardrobe-wise.app"; sourceTree = BUILT_PRODUCTS_DIR; };
		F6D7EB2A2A95182900D25E43 /* wardrobe_wiseApp.swift */ = {isa = PBXFileReference; lastKnownFileType = sourcecode.swift; path = wardrobe_wiseApp.swift; sourceTree = "<group>"; };
		F6D7EB2C2A95182900D25E43 /* LandingView.swift */ = {isa = PBXFileReference; lastKnownFileType = sourcecode.swift; path = LandingView.swift; sourceTree = "<group>"; };
		F6D7EB2E2A95182A00D25E43 /* Assets.xcassets */ = {isa = PBXFileReference; lastKnownFileType = folder.assetcatalog; path = Assets.xcassets; sourceTree = "<group>"; };
		F6D7EB312A95182A00D25E43 /* Preview Assets.xcassets */ = {isa = PBXFileReference; lastKnownFileType = folder.assetcatalog; path = "Preview Assets.xcassets"; sourceTree = "<group>"; };
		F6D7EB372A95182A00D25E43 /* wardrobe-wiseTests.xctest */ = {isa = PBXFileReference; explicitFileType = wrapper.cfbundle; includeInIndex = 0; path = "wardrobe-wiseTests.xctest"; sourceTree = BUILT_PRODUCTS_DIR; };
		F6D7EB3B2A95182A00D25E43 /* wardrobe_wiseTests.swift */ = {isa = PBXFileReference; lastKnownFileType = sourcecode.swift; path = wardrobe_wiseTests.swift; sourceTree = "<group>"; };
		F6D7EB412A95182A00D25E43 /* wardrobe-wiseUITests.xctest */ = {isa = PBXFileReference; explicitFileType = wrapper.cfbundle; includeInIndex = 0; path = "wardrobe-wiseUITests.xctest"; sourceTree = BUILT_PRODUCTS_DIR; };
		F6D7EB452A95182A00D25E43 /* wardrobe_wiseUITests.swift */ = {isa = PBXFileReference; lastKnownFileType = sourcecode.swift; path = wardrobe_wiseUITests.swift; sourceTree = "<group>"; };
		F6D7EB472A95182A00D25E43 /* wardrobe_wiseUITestsLaunchTests.swift */ = {isa = PBXFileReference; lastKnownFileType = sourcecode.swift; path = wardrobe_wiseUITestsLaunchTests.swift; sourceTree = "<group>"; };
		F6D7EB542A9529FA00D25E43 /* AccountView.swift */ = {isa = PBXFileReference; lastKnownFileType = sourcecode.swift; path = AccountView.swift; sourceTree = "<group>"; };
		F6D7EB562A952DDC00D25E43 /* AnalyticsView.swift */ = {isa = PBXFileReference; lastKnownFileType = sourcecode.swift; path = AnalyticsView.swift; sourceTree = "<group>"; };
		F6D7EB582A952EA700D25E43 /* MarketplaceView.swift */ = {isa = PBXFileReference; lastKnownFileType = sourcecode.swift; path = MarketplaceView.swift; sourceTree = "<group>"; };
		F6D7EB5A2A952EE900D25E43 /* SettingsView.swift */ = {isa = PBXFileReference; lastKnownFileType = sourcecode.swift; path = SettingsView.swift; sourceTree = "<group>"; };
		F6D7EB5C2A9531B500D25E43 /* LogoNavBar.swift */ = {isa = PBXFileReference; lastKnownFileType = sourcecode.swift; path = LogoNavBar.swift; sourceTree = "<group>"; };
/* End PBXFileReference section */

/* Begin PBXFrameworksBuildPhase section */
		F6D7EB242A95182900D25E43 /* Frameworks */ = {
			isa = PBXFrameworksBuildPhase;
			buildActionMask = 2147483647;
			files = (
			);
			runOnlyForDeploymentPostprocessing = 0;
		};
		F6D7EB342A95182A00D25E43 /* Frameworks */ = {
			isa = PBXFrameworksBuildPhase;
			buildActionMask = 2147483647;
			files = (
			);
			runOnlyForDeploymentPostprocessing = 0;
		};
		F6D7EB3E2A95182A00D25E43 /* Frameworks */ = {
			isa = PBXFrameworksBuildPhase;
			buildActionMask = 2147483647;
			files = (
			);
			runOnlyForDeploymentPostprocessing = 0;
		};
/* End PBXFrameworksBuildPhase section */

/* Begin PBXGroup section */
		F6D7EB1E2A95182800D25E43 = {
			isa = PBXGroup;
			children = (
				F6D7EB292A95182900D25E43 /* wardrobe-wise */,
				F6D7EB3A2A95182A00D25E43 /* wardrobe-wiseTests */,
				F6D7EB442A95182A00D25E43 /* wardrobe-wiseUITests */,
				F6D7EB282A95182900D25E43 /* Products */,
			);
			sourceTree = "<group>";
		};
		F6D7EB282A95182900D25E43 /* Products */ = {
			isa = PBXGroup;
			children = (
				F6D7EB272A95182900D25E43 /* wardrobe-wise.app */,
				F6D7EB372A95182A00D25E43 /* wardrobe-wiseTests.xctest */,
				F6D7EB412A95182A00D25E43 /* wardrobe-wiseUITests.xctest */,
			);
			name = Products;
			sourceTree = "<group>";
		};
		F6D7EB292A95182900D25E43 /* wardrobe-wise */ = {
			isa = PBXGroup;
			children = (
				F6D7EB2A2A95182900D25E43 /* wardrobe_wiseApp.swift */,
				F6D7EB2C2A95182900D25E43 /* LandingView.swift */,
				F6D7EB2E2A95182A00D25E43 /* Assets.xcassets */,
				F6D7EB302A95182A00D25E43 /* Preview Content */,
				F6D7EB542A9529FA00D25E43 /* AccountView.swift */,
				F6D7EB562A952DDC00D25E43 /* AnalyticsView.swift */,
				F6D7EB582A952EA700D25E43 /* MarketplaceView.swift */,
				F6D7EB5A2A952EE900D25E43 /* SettingsView.swift */,
				F6D7EB5C2A9531B500D25E43 /* LogoNavBar.swift */,
			);
			path = "wardrobe-wise";
			sourceTree = "<group>";
		};
		F6D7EB302A95182A00D25E43 /* Preview Content */ = {
			isa = PBXGroup;
			children = (
				F6D7EB312A95182A00D25E43 /* Preview Assets.xcassets */,
			);
			path = "Preview Content";
			sourceTree = "<group>";
		};
		F6D7EB3A2A95182A00D25E43 /* wardrobe-wiseTests */ = {
			isa = PBXGroup;
			children = (
				F6D7EB3B2A95182A00D25E43 /* wardrobe_wiseTests.swift */,
			);
			path = "wardrobe-wiseTests";
			sourceTree = "<group>";
		};
		F6D7EB442A95182A00D25E43 /* wardrobe-wiseUITests */ = {
			isa = PBXGroup;
			children = (
				F6D7EB452A95182A00D25E43 /* wardrobe_wiseUITests.swift */,
				F6D7EB472A95182A00D25E43 /* wardrobe_wiseUITestsLaunchTests.swift */,
			);
			path = "wardrobe-wiseUITests";
			sourceTree = "<group>";
		};
/* End PBXGroup section */

/* Begin PBXNativeTarget section */
		F6D7EB262A95182900D25E43 /* wardrobe-wise */ = {
			isa = PBXNativeTarget;
			buildConfigurationList = F6D7EB4B2A95182A00D25E43 /* Build configuration list for PBXNativeTarget "wardrobe-wise" */;
			buildPhases = (
				F6D7EB232A95182900D25E43 /* Sources */,
				F6D7EB242A95182900D25E43 /* Frameworks */,
				F6D7EB252A95182900D25E43 /* Resources */,
			);
			buildRules = (
			);
			dependencies = (
			);
			name = "wardrobe-wise";
			productName = "wardrobe-wise";
			productReference = F6D7EB272A95182900D25E43 /* wardrobe-wise.app */;
			productType = "com.apple.product-type.application";
		};
		F6D7EB362A95182A00D25E43 /* wardrobe-wiseTests */ = {
			isa = PBXNativeTarget;
			buildConfigurationList = F6D7EB4E2A95182A00D25E43 /* Build configuration list for PBXNativeTarget "wardrobe-wiseTests" */;
			buildPhases = (
				F6D7EB332A95182A00D25E43 /* Sources */,
				F6D7EB342A95182A00D25E43 /* Frameworks */,
				F6D7EB352A95182A00D25E43 /* Resources */,
			);
			buildRules = (
			);
			dependencies = (
				F6D7EB392A95182A00D25E43 /* PBXTargetDependency */,
			);
			name = "wardrobe-wiseTests";
			productName = "wardrobe-wiseTests";
			productReference = F6D7EB372A95182A00D25E43 /* wardrobe-wiseTests.xctest */;
			productType = "com.apple.product-type.bundle.unit-test";
		};
		F6D7EB402A95182A00D25E43 /* wardrobe-wiseUITests */ = {
			isa = PBXNativeTarget;
			buildConfigurationList = F6D7EB512A95182A00D25E43 /* Build configuration list for PBXNativeTarget "wardrobe-wiseUITests" */;
			buildPhases = (
				F6D7EB3D2A95182A00D25E43 /* Sources */,
				F6D7EB3E2A95182A00D25E43 /* Frameworks */,
				F6D7EB3F2A95182A00D25E43 /* Resources */,
			);
			buildRules = (
			);
			dependencies = (
				F6D7EB432A95182A00D25E43 /* PBXTargetDependency */,
			);
			name = "wardrobe-wiseUITests";
			productName = "wardrobe-wiseUITests";
			productReference = F6D7EB412A95182A00D25E43 /* wardrobe-wiseUITests.xctest */;
			productType = "com.apple.product-type.bundle.ui-testing";
		};
/* End PBXNativeTarget section */

/* Begin PBXProject section */
		F6D7EB1F2A95182800D25E43 /* Project object */ = {
			isa = PBXProject;
			attributes = {
				BuildIndependentTargetsInParallel = 1;
				LastSwiftUpdateCheck = 1430;
				LastUpgradeCheck = 1430;
				TargetAttributes = {
					F6D7EB262A95182900D25E43 = {
						CreatedOnToolsVersion = 14.3.1;
					};
					F6D7EB362A95182A00D25E43 = {
						CreatedOnToolsVersion = 14.3.1;
						TestTargetID = F6D7EB262A95182900D25E43;
					};
					F6D7EB402A95182A00D25E43 = {
						CreatedOnToolsVersion = 14.3.1;
						TestTargetID = F6D7EB262A95182900D25E43;
					};
				};
			};
			buildConfigurationList = F6D7EB222A95182800D25E43 /* Build configuration list for PBXProject "wardrobe-wise" */;
			compatibilityVersion = "Xcode 14.0";
			developmentRegion = en;
			hasScannedForEncodings = 0;
			knownRegions = (
				en,
				Base,
			);
			mainGroup = F6D7EB1E2A95182800D25E43;
			productRefGroup = F6D7EB282A95182900D25E43 /* Products */;
			projectDirPath = "";
			projectRoot = "";
			targets = (
				F6D7EB262A95182900D25E43 /* wardrobe-wise */,
				F6D7EB362A95182A00D25E43 /* wardrobe-wiseTests */,
				F6D7EB402A95182A00D25E43 /* wardrobe-wiseUITests */,
			);
		};
/* End PBXProject section */

/* Begin PBXResourcesBuildPhase section */
		F6D7EB252A95182900D25E43 /* Resources */ = {
			isa = PBXResourcesBuildPhase;
			buildActionMask = 2147483647;
			files = (
				F6D7EB322A95182A00D25E43 /* Preview Assets.xcassets in Resources */,
				F6D7EB2F2A95182A00D25E43 /* Assets.xcassets in Resources */,
			);
			runOnlyForDeploymentPostprocessing = 0;
		};
		F6D7EB352A95182A00D25E43 /* Resources */ = {
			isa = PBXResourcesBuildPhase;
			buildActionMask = 2147483647;
			files = (
			);
			runOnlyForDeploymentPostprocessing = 0;
		};
		F6D7EB3F2A95182A00D25E43 /* Resources */ = {
			isa = PBXResourcesBuildPhase;
			buildActionMask = 2147483647;
			files = (
			);
			runOnlyForDeploymentPostprocessing = 0;
		};
/* End PBXResourcesBuildPhase section */

/* Begin PBXSourcesBuildPhase section */
		F6D7EB232A95182900D25E43 /* Sources */ = {
			isa = PBXSourcesBuildPhase;
			buildActionMask = 2147483647;
			files = (
				F6D7EB552A9529FA00D25E43 /* AccountView.swift in Sources */,
				F6D7EB5D2A9531B500D25E43 /* LogoNavBar.swift in Sources */,
				F6D7EB572A952DDC00D25E43 /* AnalyticsView.swift in Sources */,
				F6D7EB592A952EA700D25E43 /* MarketplaceView.swift in Sources */,
				F6D7EB5B2A952EE900D25E43 /* SettingsView.swift in Sources */,
				F6D7EB2D2A95182900D25E43 /* LandingView.swift in Sources */,
				F6D7EB2B2A95182900D25E43 /* wardrobe_wiseApp.swift in Sources */,
			);
			runOnlyForDeploymentPostprocessing = 0;
		};
		F6D7EB332A95182A00D25E43 /* Sources */ = {
			isa = PBXSourcesBuildPhase;
			buildActionMask = 2147483647;
			files = (
				F6D7EB3C2A95182A00D25E43 /* wardrobe_wiseTests.swift in Sources */,
			);
			runOnlyForDeploymentPostprocessing = 0;
		};
		F6D7EB3D2A95182A00D25E43 /* Sources */ = {
			isa = PBXSourcesBuildPhase;
			buildActionMask = 2147483647;
			files = (
				F6D7EB482A95182A00D25E43 /* wardrobe_wiseUITestsLaunchTests.swift in Sources */,
				F6D7EB462A95182A00D25E43 /* wardrobe_wiseUITests.swift in Sources */,
			);
			runOnlyForDeploymentPostprocessing = 0;
		};
/* End PBXSourcesBuildPhase section */

/* Begin PBXTargetDependency section */
		F6D7EB392A95182A00D25E43 /* PBXTargetDependency */ = {
			isa = PBXTargetDependency;
			target = F6D7EB262A95182900D25E43 /* wardrobe-wise */;
			targetProxy = F6D7EB382A95182A00D25E43 /* PBXContainerItemProxy */;
		};
		F6D7EB432A95182A00D25E43 /* PBXTargetDependency */ = {
			isa = PBXTargetDependency;
			target = F6D7EB262A95182900D25E43 /* wardrobe-wise */;
			targetProxy = F6D7EB422A95182A00D25E43 /* PBXContainerItemProxy */;
		};
/* End PBXTargetDependency section */

/* Begin XCBuildConfiguration section */
		F6D7EB492A95182A00D25E43 /* Debug */ = {
			isa = XCBuildConfiguration;
			buildSettings = {
				ALWAYS_SEARCH_USER_PATHS = NO;
				CLANG_ANALYZER_NONNULL = YES;
				CLANG_ANALYZER_NUMBER_OBJECT_CONVERSION = YES_AGGRESSIVE;
				CLANG_CXX_LANGUAGE_STANDARD = "gnu++20";
				CLANG_ENABLE_MODULES = YES;
				CLANG_ENABLE_OBJC_ARC = YES;
				CLANG_ENABLE_OBJC_WEAK = YES;
				CLANG_WARN_BLOCK_CAPTURE_AUTORELEASING = YES;
				CLANG_WARN_BOOL_CONVERSION = YES;
				CLANG_WARN_COMMA = YES;
				CLANG_WARN_CONSTANT_CONVERSION = YES;
				CLANG_WARN_DEPRECATED_OBJC_IMPLEMENTATIONS = YES;
				CLANG_WARN_DIRECT_OBJC_ISA_USAGE = YES_ERROR;
				CLANG_WARN_DOCUMENTATION_COMMENTS = YES;
				CLANG_WARN_EMPTY_BODY = YES;
				CLANG_WARN_ENUM_CONVERSION = YES;
				CLANG_WARN_INFINITE_RECURSION = YES;
				CLANG_WARN_INT_CONVERSION = YES;
				CLANG_WARN_NON_LITERAL_NULL_CONVERSION = YES;
				CLANG_WARN_OBJC_IMPLICIT_RETAIN_SELF = YES;
				CLANG_WARN_OBJC_LITERAL_CONVERSION = YES;
				CLANG_WARN_OBJC_ROOT_CLASS = YES_ERROR;
				CLANG_WARN_QUOTED_INCLUDE_IN_FRAMEWORK_HEADER = YES;
				CLANG_WARN_RANGE_LOOP_ANALYSIS = YES;
				CLANG_WARN_STRICT_PROTOTYPES = YES;
				CLANG_WARN_SUSPICIOUS_MOVE = YES;
				CLANG_WARN_UNGUARDED_AVAILABILITY = YES_AGGRESSIVE;
				CLANG_WARN_UNREACHABLE_CODE = YES;
				CLANG_WARN__DUPLICATE_METHOD_MATCH = YES;
				COPY_PHASE_STRIP = NO;
				DEBUG_INFORMATION_FORMAT = dwarf;
				ENABLE_STRICT_OBJC_MSGSEND = YES;
				ENABLE_TESTABILITY = YES;
				GCC_C_LANGUAGE_STANDARD = gnu11;
				GCC_DYNAMIC_NO_PIC = NO;
				GCC_NO_COMMON_BLOCKS = YES;
				GCC_OPTIMIZATION_LEVEL = 0;
				GCC_PREPROCESSOR_DEFINITIONS = (
					"DEBUG=1",
					"$(inherited)",
				);
				GCC_WARN_64_TO_32_BIT_CONVERSION = YES;
				GCC_WARN_ABOUT_RETURN_TYPE = YES_ERROR;
				GCC_WARN_UNDECLARED_SELECTOR = YES;
				GCC_WARN_UNINITIALIZED_AUTOS = YES_AGGRESSIVE;
				GCC_WARN_UNUSED_FUNCTION = YES;
				GCC_WARN_UNUSED_VARIABLE = YES;
				IPHONEOS_DEPLOYMENT_TARGET = 16.4;
				MTL_ENABLE_DEBUG_INFO = INCLUDE_SOURCE;
				MTL_FAST_MATH = YES;
				ONLY_ACTIVE_ARCH = YES;
				SDKROOT = iphoneos;
				SWIFT_ACTIVE_COMPILATION_CONDITIONS = DEBUG;
				SWIFT_OPTIMIZATION_LEVEL = "-Onone";
			};
			name = Debug;
		};
		F6D7EB4A2A95182A00D25E43 /* Release */ = {
			isa = XCBuildConfiguration;
			buildSettings = {
				ALWAYS_SEARCH_USER_PATHS = NO;
				CLANG_ANALYZER_NONNULL = YES;
				CLANG_ANALYZER_NUMBER_OBJECT_CONVERSION = YES_AGGRESSIVE;
				CLANG_CXX_LANGUAGE_STANDARD = "gnu++20";
				CLANG_ENABLE_MODULES = YES;
				CLANG_ENABLE_OBJC_ARC = YES;
				CLANG_ENABLE_OBJC_WEAK = YES;
				CLANG_WARN_BLOCK_CAPTURE_AUTORELEASING = YES;
				CLANG_WARN_BOOL_CONVERSION = YES;
				CLANG_WARN_COMMA = YES;
				CLANG_WARN_CONSTANT_CONVERSION = YES;
				CLANG_WARN_DEPRECATED_OBJC_IMPLEMENTATIONS = YES;
				CLANG_WARN_DIRECT_OBJC_ISA_USAGE = YES_ERROR;
				CLANG_WARN_DOCUMENTATION_COMMENTS = YES;
				CLANG_WARN_EMPTY_BODY = YES;
				CLANG_WARN_ENUM_CONVERSION = YES;
				CLANG_WARN_INFINITE_RECURSION = YES;
				CLANG_WARN_INT_CONVERSION = YES;
				CLANG_WARN_NON_LITERAL_NULL_CONVERSION = YES;
				CLANG_WARN_OBJC_IMPLICIT_RETAIN_SELF = YES;
				CLANG_WARN_OBJC_LITERAL_CONVERSION = YES;
				CLANG_WARN_OBJC_ROOT_CLASS = YES_ERROR;
				CLANG_WARN_QUOTED_INCLUDE_IN_FRAMEWORK_HEADER = YES;
				CLANG_WARN_RANGE_LOOP_ANALYSIS = YES;
				CLANG_WARN_STRICT_PROTOTYPES = YES;
				CLANG_WARN_SUSPICIOUS_MOVE = YES;
				CLANG_WARN_UNGUARDED_AVAILABILITY = YES_AGGRESSIVE;
				CLANG_WARN_UNREACHABLE_CODE = YES;
				CLANG_WARN__DUPLICATE_METHOD_MATCH = YES;
				COPY_PHASE_STRIP = NO;
				DEBUG_INFORMATION_FORMAT = "dwarf-with-dsym";
				ENABLE_NS_ASSERTIONS = NO;
				ENABLE_STRICT_OBJC_MSGSEND = YES;
				GCC_C_LANGUAGE_STANDARD = gnu11;
				GCC_NO_COMMON_BLOCKS = YES;
				GCC_WARN_64_TO_32_BIT_CONVERSION = YES;
				GCC_WARN_ABOUT_RETURN_TYPE = YES_ERROR;
				GCC_WARN_UNDECLARED_SELECTOR = YES;
				GCC_WARN_UNINITIALIZED_AUTOS = YES_AGGRESSIVE;
				GCC_WARN_UNUSED_FUNCTION = YES;
				GCC_WARN_UNUSED_VARIABLE = YES;
				IPHONEOS_DEPLOYMENT_TARGET = 16.4;
				MTL_ENABLE_DEBUG_INFO = NO;
				MTL_FAST_MATH = YES;
				SDKROOT = iphoneos;
				SWIFT_COMPILATION_MODE = wholemodule;
				SWIFT_OPTIMIZATION_LEVEL = "-O";
				VALIDATE_PRODUCT = YES;
			};
			name = Release;
		};
		F6D7EB4C2A95182A00D25E43 /* Debug */ = {
			isa = XCBuildConfiguration;
			buildSettings = {
				ASSETCATALOG_COMPILER_APPICON_NAME = AppIcon;
				ASSETCATALOG_COMPILER_GLOBAL_ACCENT_COLOR_NAME = AccentColor;
				CODE_SIGN_STYLE = Automatic;
				CURRENT_PROJECT_VERSION = 1;
				DEVELOPMENT_ASSET_PATHS = "\"wardrobe-wise/Preview Content\"";
				ENABLE_PREVIEWS = YES;
				GENERATE_INFOPLIST_FILE = YES;
				INFOPLIST_KEY_UIApplicationSceneManifest_Generation = YES;
				INFOPLIST_KEY_UIApplicationSupportsIndirectInputEvents = YES;
				INFOPLIST_KEY_UILaunchScreen_Generation = YES;
				INFOPLIST_KEY_UISupportedInterfaceOrientations_iPad = "UIInterfaceOrientationPortrait UIInterfaceOrientationPortraitUpsideDown UIInterfaceOrientationLandscapeLeft UIInterfaceOrientationLandscapeRight";
				INFOPLIST_KEY_UISupportedInterfaceOrientations_iPhone = "UIInterfaceOrientationPortrait UIInterfaceOrientationLandscapeLeft UIInterfaceOrientationLandscapeRight";
				LD_RUNPATH_SEARCH_PATHS = (
					"$(inherited)",
					"@executable_path/Frameworks",
				);
				MARKETING_VERSION = 1.0;
				PRODUCT_BUNDLE_IDENTIFIER = "com.willgushee.wardrobe-wise";
				PRODUCT_NAME = "$(TARGET_NAME)";
				SWIFT_EMIT_LOC_STRINGS = YES;
				SWIFT_VERSION = 5.0;
				TARGETED_DEVICE_FAMILY = "1,2";
			};
			name = Debug;
		};
		F6D7EB4D2A95182A00D25E43 /* Release */ = {
			isa = XCBuildConfiguration;
			buildSettings = {
				ASSETCATALOG_COMPILER_APPICON_NAME = AppIcon;
				ASSETCATALOG_COMPILER_GLOBAL_ACCENT_COLOR_NAME = AccentColor;
				CODE_SIGN_STYLE = Automatic;
				CURRENT_PROJECT_VERSION = 1;
				DEVELOPMENT_ASSET_PATHS = "\"wardrobe-wise/Preview Content\"";
				ENABLE_PREVIEWS = YES;
				GENERATE_INFOPLIST_FILE = YES;
				INFOPLIST_KEY_UIApplicationSceneManifest_Generation = YES;
				INFOPLIST_KEY_UIApplicationSupportsIndirectInputEvents = YES;
				INFOPLIST_KEY_UILaunchScreen_Generation = YES;
				INFOPLIST_KEY_UISupportedInterfaceOrientations_iPad = "UIInterfaceOrientationPortrait UIInterfaceOrientationPortraitUpsideDown UIInterfaceOrientationLandscapeLeft UIInterfaceOrientationLandscapeRight";
				INFOPLIST_KEY_UISupportedInterfaceOrientations_iPhone = "UIInterfaceOrientationPortrait UIInterfaceOrientationLandscapeLeft UIInterfaceOrientationLandscapeRight";
				LD_RUNPATH_SEARCH_PATHS = (
					"$(inherited)",
					"@executable_path/Frameworks",
				);
				MARKETING_VERSION = 1.0;
				PRODUCT_BUNDLE_IDENTIFIER = "com.willgushee.wardrobe-wise";
				PRODUCT_NAME = "$(TARGET_NAME)";
				SWIFT_EMIT_LOC_STRINGS = YES;
				SWIFT_VERSION = 5.0;
				TARGETED_DEVICE_FAMILY = "1,2";
			};
			name = Release;
		};
		F6D7EB4F2A95182A00D25E43 /* Debug */ = {
			isa = XCBuildConfiguration;
			buildSettings = {
				ALWAYS_EMBED_SWIFT_STANDARD_LIBRARIES = YES;
				BUNDLE_LOADER = "$(TEST_HOST)";
				CODE_SIGN_STYLE = Automatic;
				CURRENT_PROJECT_VERSION = 1;
				GENERATE_INFOPLIST_FILE = YES;
				IPHONEOS_DEPLOYMENT_TARGET = 16.4;
				MARKETING_VERSION = 1.0;
				PRODUCT_BUNDLE_IDENTIFIER = "com.willgushee.wardrobe-wiseTests";
				PRODUCT_NAME = "$(TARGET_NAME)";
				SWIFT_EMIT_LOC_STRINGS = NO;
				SWIFT_VERSION = 5.0;
				TARGETED_DEVICE_FAMILY = "1,2";
				TEST_HOST = "$(BUILT_PRODUCTS_DIR)/wardrobe-wise.app/$(BUNDLE_EXECUTABLE_FOLDER_PATH)/wardrobe-wise";
			};
			name = Debug;
		};
		F6D7EB502A95182A00D25E43 /* Release */ = {
			isa = XCBuildConfiguration;
			buildSettings = {
				ALWAYS_EMBED_SWIFT_STANDARD_LIBRARIES = YES;
				BUNDLE_LOADER = "$(TEST_HOST)";
				CODE_SIGN_STYLE = Automatic;
				CURRENT_PROJECT_VERSION = 1;
				GENERATE_INFOPLIST_FILE = YES;
				IPHONEOS_DEPLOYMENT_TARGET = 16.4;
				MARKETING_VERSION = 1.0;
				PRODUCT_BUNDLE_IDENTIFIER = "com.willgushee.wardrobe-wiseTests";
				PRODUCT_NAME = "$(TARGET_NAME)";
				SWIFT_EMIT_LOC_STRINGS = NO;
				SWIFT_VERSION = 5.0;
				TARGETED_DEVICE_FAMILY = "1,2";
				TEST_HOST = "$(BUILT_PRODUCTS_DIR)/wardrobe-wise.app/$(BUNDLE_EXECUTABLE_FOLDER_PATH)/wardrobe-wise";
			};
			name = Release;
		};
		F6D7EB522A95182A00D25E43 /* Debug */ = {
			isa = XCBuildConfiguration;
			buildSettings = {
				ALWAYS_EMBED_SWIFT_STANDARD_LIBRARIES = YES;
				CODE_SIGN_STYLE = Automatic;
				CURRENT_PROJECT_VERSION = 1;
				GENERATE_INFOPLIST_FILE = YES;
				MARKETING_VERSION = 1.0;
				PRODUCT_BUNDLE_IDENTIFIER = "com.willgushee.wardrobe-wiseUITests";
				PRODUCT_NAME = "$(TARGET_NAME)";
				SWIFT_EMIT_LOC_STRINGS = NO;
				SWIFT_VERSION = 5.0;
				TARGETED_DEVICE_FAMILY = "1,2";
				TEST_TARGET_NAME = "wardrobe-wise";
			};
			name = Debug;
		};
		F6D7EB532A95182A00D25E43 /* Release */ = {
			isa = XCBuildConfiguration;
			buildSettings = {
				ALWAYS_EMBED_SWIFT_STANDARD_LIBRARIES = YES;
				CODE_SIGN_STYLE = Automatic;
				CURRENT_PROJECT_VERSION = 1;
				GENERATE_INFOPLIST_FILE = YES;
				MARKETING_VERSION = 1.0;
				PRODUCT_BUNDLE_IDENTIFIER = "com.willgushee.wardrobe-wiseUITests";
				PRODUCT_NAME = "$(TARGET_NAME)";
				SWIFT_EMIT_LOC_STRINGS = NO;
				SWIFT_VERSION = 5.0;
				TARGETED_DEVICE_FAMILY = "1,2";
				TEST_TARGET_NAME = "wardrobe-wise";
			};
			name = Release;
		};
/* End XCBuildConfiguration section */

/* Begin XCConfigurationList section */
		F6D7EB222A95182800D25E43 /* Build configuration list for PBXProject "wardrobe-wise" */ = {
			isa = XCConfigurationList;
			buildConfigurations = (
				F6D7EB492A95182A00D25E43 /* Debug */,
				F6D7EB4A2A95182A00D25E43 /* Release */,
			);
			defaultConfigurationIsVisible = 0;
			defaultConfigurationName = Release;
		};
		F6D7EB4B2A95182A00D25E43 /* Build configuration list for PBXNativeTarget "wardrobe-wise" */ = {
			isa = XCConfigurationList;
			buildConfigurations = (
				F6D7EB4C2A95182A00D25E43 /* Debug */,
				F6D7EB4D2A95182A00D25E43 /* Release */,
			);
			defaultConfigurationIsVisible = 0;
			defaultConfigurationName = Release;
		};
		F6D7EB4E2A95182A00D25E43 /* Build configuration list for PBXNativeTarget "wardrobe-wiseTests" */ = {
			isa = XCConfigurationList;
			buildConfigurations = (
				F6D7EB4F2A95182A00D25E43 /* Debug */,
				F6D7EB502A95182A00D25E43 /* Release */,
			);
			defaultConfigurationIsVisible = 0;
			defaultConfigurationName = Release;
		};
		F6D7EB512A95182A00D25E43 /* Build configuration list for PBXNativeTarget "wardrobe-wiseUITests" */ = {
			isa = XCConfigurationList;
			buildConfigurations = (
				F6D7EB522A95182A00D25E43 /* Debug */,
				F6D7EB532A95182A00D25E43 /* Release */,
			);
			defaultConfigurationIsVisible = 0;
			defaultConfigurationName = Release;
		};
/* End XCConfigurationList section */
	};
	rootObject = F6D7EB1F2A95182800D25E43 /* Project object */;
}
